
Microsoft Visual Studio Solution File, Format Version 12.00
# Visual Studio Version 17
VisualStudioVersion = 17.8.34525.116
MinimumVisualStudioVersion = 10.0.40219.1
Project("{FAE04EC0-301F-11D3-BF4B-00C04F79EFBC}") = "Week13SQLite", "Week13SQLite\Week13SQLite.csproj", "{BE8CD7A6-A4BF-4651-928A-91D3CDBD7AC8}"
EndProject
Global
	GlobalSection(SolutionConfigurationPlatforms) = preSolution
		Debug|Any CPU = Debug|Any CPU
		Release|Any CPU = Release|Any CPU
	EndGlobalSection
	GlobalSection(ProjectConfigurationPlatforms) = postSolution
		{BE8CD7A6-A4BF-4651-928A-91D3CDBD7AC8}.Debug|Any CPU.ActiveCfg = Debug|Any CPU
		{BE8CD7A6-A4BF-4651-928A-91D3CDBD7AC8}.Debug|Any CPU.Build.0 = Debug|Any CPU
		{BE8CD7A6-A4BF-4651-928A-91D3CDBD7AC8}.Release|Any CPU.ActiveCfg = Release|Any CPU
		{BE8CD7A6-A4BF-4651-928A-91D3CDBD7AC8}.Release|Any CPU.Build.0 = Release|Any CPU
	EndGlobalSection
	GlobalSection(SolutionProperties) = preSolution
		HideSolutionNode = FALSE
	EndGlobalSection
	GlobalSection(ExtensibilityGlobals) = postSolution
		SolutionGuid = {889931CB-09E8-4942-B547-6E119946BC10}
	EndGlobalSection
EndGlobal
